// !$*UTF8*$!
{
	archiveVersion = 1;
	classes = {
	};
	objectVersion = 56;
	objects = {

/* Begin PBXBuildFile section */
		0F6F47B298178D22D76BEAC6 /* CustomView5.swift in Sources */ = {isa = PBXBuildFile; fileRef = D9D74E63820C40CF48F916F5 /* CustomView5.swift */; };
		140A4E4B94E2D69335C301AE /* CustomView7.swift in Sources */ = {isa = PBXBuildFile; fileRef = B8E44CD09AEE8AAF0CF44514 /* CustomView7.swift */; };
		28F340A9A811349C9EDAD462 /* CustomView9.swift in Sources */ = {isa = PBXBuildFile; fileRef = FBAB4229ACDDB6168E91C776 /* CustomView9.swift */; };
		417441F8A9429A0F330CD070 /* CustomView10.swift in Sources */ = {isa = PBXBuildFile; fileRef = F7E84C1C81AAA0A41B44FFF9 /* CustomView10.swift */; };
		5FD345FD855E7F0C5ED13EC8 /* CustomView3.swift in Sources */ = {isa = PBXBuildFile; fileRef = 820946ECA4526C99D600B573 /* CustomView3.swift */; };
		CD4704A52AD80167009D4C35 /* CodiaDemoSwiftUIApp.swift in Sources */ = {isa = PBXBuildFile; fileRef = CD4704A42AD80167009D4C35 /* CodiaDemoSwiftUIApp.swift */; };
		CD4704A72AD80167009D4C35 /* ContentView.swift in Sources */ = {isa = PBXBuildFile; fileRef = CD4704A62AD80167009D4C35 /* ContentView.swift */; };
		CD4704A92AD80168009D4C35 /* Assets.xcassets in Resources */ = {isa = PBXBuildFile; fileRef = CD4704A82AD80168009D4C35 /* Assets.xcassets */; };
		CD4704AC2AD80168009D4C35 /* Preview Assets.xcassets in Resources */ = {isa = PBXBuildFile; fileRef = CD4704AB2AD80168009D4C35 /* Preview Assets.xcassets */; };
		CDDAEEB02B039F0E00DF25B8 /* CodiaWebImageView.swift in Sources */ = {isa = PBXBuildFile; fileRef = CDDAEEAF2B039F0E00DF25B8 /* CodiaWebImageView.swift */; };
		E89B4386BC4810A3109A57BD /* CustomView1.swift in Sources */ = {isa = PBXBuildFile; fileRef = 269E4D0992AC47431989D50D /* CustomView1.swift */; };
/* End PBXBuildFile section */

/* Begin PBXFileReference section */
		269E4D0992AC47431989D50D /* CustomView1.swift */ = {isa = PBXFileReference; lastKnownFileType = sourcecode.swift; name = CustomView1.swift; path = CustomView1.swift; sourceTree = "<group>"; };
		820946ECA4526C99D600B573 /* CustomView3.swift */ = {isa = PBXFileReference; lastKnownFileType = sourcecode.swift; name = CustomView3.swift; path = CustomView3.swift; sourceTree = "<group>"; };
		B8E44CD09AEE8AAF0CF44514 /* CustomView7.swift */ = {isa = PBXFileReference; lastKnownFileType = sourcecode.swift; name = CustomView7.swift; path = CustomView7.swift; sourceTree = "<group>"; };
		CD4704A12AD80167009D4C35 /* CodiaDemoSwiftUI.app */ = {isa = PBXFileReference; explicitFileType = wrapper.application; includeInIndex = 0; path = CodiaDemoSwiftUI.app; sourceTree = BUILT_PRODUCTS_DIR; };
		CD4704A42AD80167009D4C35 /* CodiaDemoSwiftUIApp.swift */ = {isa = PBXFileReference; lastKnownFileType = sourcecode.swift; path = CodiaDemoSwiftUIApp.swift; sourceTree = "<group>"; };
		CD4704A62AD80167009D4C35 /* ContentView.swift */ = {isa = PBXFileReference; lastKnownFileType = sourcecode.swift; path = ContentView.swift; sourceTree = "<group>"; };
		CD4704A82AD80168009D4C35 /* Assets.xcassets */ = {isa = PBXFileReference; lastKnownFileType = folder.assetcatalog; path = Assets.xcassets; sourceTree = "<group>"; };
		CD4704AB2AD80168009D4C35 /* Preview Assets.xcassets */ = {isa = PBXFileReference; lastKnownFileType = folder.assetcatalog; path = "Preview Assets.xcassets"; sourceTree = "<group>"; };
		CD4704B22AD801B1009D4C35 /* Info.plist */ = {isa = PBXFileReference; lastKnownFileType = text.plist; path = Info.plist; sourceTree = "<group>"; };
		CDDAEEAF2B039F0E00DF25B8 /* CodiaWebImageView.swift */ = {isa = PBXFileReference; fileEncoding = 4; lastKnownFileType = sourcecode.swift; path = CodiaWebImageView.swift; sourceTree = "<group>"; };
		D9D74E63820C40CF48F916F5 /* CustomView5.swift */ = {isa = PBXFileReference; lastKnownFileType = sourcecode.swift; name = CustomView5.swift; path = CustomView5.swift; sourceTree = "<group>"; };
		F7E84C1C81AAA0A41B44FFF9 /* CustomView10.swift */ = {isa = PBXFileReference; lastKnownFileType = sourcecode.swift; name = CustomView10.swift; path = CustomView10.swift; sourceTree = "<group>"; };
		FBAB4229ACDDB6168E91C776 /* CustomView9.swift */ = {isa = PBXFileReference; lastKnownFileType = sourcecode.swift; name = CustomView9.swift; path = CustomView9.swift; sourceTree = "<group>"; };
/* End PBXFileReference section */

/* Begin PBXFrameworksBuildPhase section */
		CD47049E2AD80167009D4C35 /* Frameworks */ = {
			isa = PBXFrameworksBuildPhase;
			buildActionMask = 2147483647;
			files = (
			);
			runOnlyForDeploymentPostprocessing = 0;
		};
/* End PBXFrameworksBuildPhase section */

/* Begin PBXGroup section */
		CD4704982AD80167009D4C35 = {
			isa = PBXGroup;
			children = (
				CD4704A32AD80167009D4C35 /* CodiaDemoSwiftUI */,
				CD4704A22AD80167009D4C35 /* Products */,
			);
			sourceTree = "<group>";
		};
		CD4704A22AD80167009D4C35 /* Products */ = {
			isa = PBXGroup;
			children = (
				CD4704A12AD80167009D4C35 /* CodiaDemoSwiftUI.app */,
			);
			name = Products;
			sourceTree = "<group>";
		};
		CD4704A32AD80167009D4C35 /* CodiaDemoSwiftUI */ = {
			isa = PBXGroup;
			children = (
				CD4704B42AD80342009D4C35 /* src */,
				CD4704B22AD801B1009D4C35 /* Info.plist */,
				CD4704A42AD80167009D4C35 /* CodiaDemoSwiftUIApp.swift */,
				CD4704A62AD80167009D4C35 /* ContentView.swift */,
				CD4704A82AD80168009D4C35 /* Assets.xcassets */,
				CD4704AA2AD80168009D4C35 /* Preview Content */,
			);
			path = CodiaDemoSwiftUI;
			sourceTree = "<group>";
		};
		CD4704AA2AD80168009D4C35 /* Preview Content */ = {
			isa = PBXGroup;
			children = (
				CD4704AB2AD80168009D4C35 /* Preview Assets.xcassets */,
			);
			path = "Preview Content";
			sourceTree = "<group>";
		};
		CD4704B42AD80342009D4C35 /* src */ = {
			isa = PBXGroup;
			children = (
				CDDAEEAF2B039F0E00DF25B8 /* CodiaWebImageView.swift */,
				269E4D0992AC47431989D50D /* CustomView1.swift */,
				FBAB4229ACDDB6168E91C776 /* CustomView9.swift */,
				B8E44CD09AEE8AAF0CF44514 /* CustomView7.swift */,
				F7E84C1C81AAA0A41B44FFF9 /* CustomView10.swift */,
				D9D74E63820C40CF48F916F5 /* CustomView5.swift */,
				820946ECA4526C99D600B573 /* CustomView3.swift */,
			);
			path = src;
			sourceTree = "<group>";
		};
/* End PBXGroup section */

/* Begin PBXNativeTarget section */
		CD4704A02AD80167009D4C35 /* CodiaDemoSwiftUI */ = {
			isa = PBXNativeTarget;
			buildConfigurationList = CD4704AF2AD80168009D4C35 /* Build configuration list for PBXNativeTarget "CodiaDemoSwiftUI" */;
			buildPhases = (
				CD47049D2AD80167009D4C35 /* Sources */,
				CD47049E2AD80167009D4C35 /* Frameworks */,
				CD47049F2AD80167009D4C35 /* Resources */,
			);
			buildRules = (
			);
			dependencies = (
			);
			name = CodiaDemoSwiftUI;
			productName = CodiaDemoSwiftUI;
			productReference = CD4704A12AD80167009D4C35 /* CodiaDemoSwiftUI.app */;
			productType = "com.apple.product-type.application";
		};
/* End PBXNativeTarget section */

/* Begin PBXProject section */
		CD4704992AD80167009D4C35 /* Project object */ = {
			isa = PBXProject;
			attributes = {
				BuildIndependentTargetsInParallel = 1;
				LastSwiftUpdateCheck = 1430;
				LastUpgradeCheck = 1430;
				TargetAttributes = {
					CD4704A02AD80167009D4C35 = {
						CreatedOnToolsVersion = 14.3.1;
					};
				};
			};
			buildConfigurationList = CD47049C2AD80167009D4C35 /* Build configuration list for PBXProject "CodiaDemoSwiftUI" */;
			compatibilityVersion = "Xcode 14.0";
			developmentRegion = en;
			hasScannedForEncodings = 0;
			knownRegions = (
				en,
				Base,
			);
			mainGroup = CD4704982AD80167009D4C35;
			productRefGroup = CD4704A22AD80167009D4C35 /* Products */;
			projectDirPath = "";
			projectRoot = "";
			targets = (
				CD4704A02AD80167009D4C35 /* CodiaDemoSwiftUI */,
			);
		};
/* End PBXProject section */

/* Begin PBXResourcesBuildPhase section */
		CD47049F2AD80167009D4C35 /* Resources */ = {
			isa = PBXResourcesBuildPhase;
			buildActionMask = 2147483647;
			files = (
				CD4704AC2AD80168009D4C35 /* Preview Assets.xcassets in Resources */,
				CD4704A92AD80168009D4C35 /* Assets.xcassets in Resources */,
			);
			runOnlyForDeploymentPostprocessing = 0;
		};
/* End PBXResourcesBuildPhase section */

/* Begin PBXSourcesBuildPhase section */
		CD47049D2AD80167009D4C35 /* Sources */ = {
			isa = PBXSourcesBuildPhase;
			buildActionMask = 2147483647;
			files = (
				CDDAEEB02B039F0E00DF25B8 /* CodiaWebImageView.swift in Sources */,
				CD4704A72AD80167009D4C35 /* ContentView.swift in Sources */,
				CD4704A52AD80167009D4C35 /* CodiaDemoSwiftUIApp.swift in Sources */,
				E89B4386BC4810A3109A57BD /* CustomView1.swift in Sources */,
				28F340A9A811349C9EDAD462 /* CustomView9.swift in Sources */,
				140A4E4B94E2D69335C301AE /* CustomView7.swift in Sources */,
				417441F8A9429A0F330CD070 /* CustomView10.swift in Sources */,
				0F6F47B298178D22D76BEAC6 /* CustomView5.swift in Sources */,
				5FD345FD855E7F0C5ED13EC8 /* CustomView3.swift in Sources */,
			);
			runOnlyForDeploymentPostprocessing = 0;
		};
/* End PBXSourcesBuildPhase section */

/* Begin XCBuildConfiguration section */
		CD4704AD2AD80168009D4C35 /* Debug */ = {
			isa = XCBuildConfiguration;
			buildSettings = {
				ALWAYS_SEARCH_USER_PATHS = NO;
				CLANG_ANALYZER_NONNULL = YES;
				CLANG_ANALYZER_NUMBER_OBJECT_CONVERSION = YES_AGGRESSIVE;
				CLANG_CXX_LANGUAGE_STANDARD = "gnu++20";
				CLANG_ENABLE_MODULES = YES;
				CLANG_ENABLE_OBJC_ARC = YES;
				CLANG_ENABLE_OBJC_WEAK = YES;
				CLANG_WARN_BLOCK_CAPTURE_AUTORELEASING = YES;
				CLANG_WARN_BOOL_CONVERSION = YES;
				CLANG_WARN_COMMA = YES;
				CLANG_WARN_CONSTANT_CONVERSION = YES;
				CLANG_WARN_DEPRECATED_OBJC_IMPLEMENTATIONS = YES;
				CLANG_WARN_DIRECT_OBJC_ISA_USAGE = YES_ERROR;
				CLANG_WARN_DOCUMENTATION_COMMENTS = YES;
				CLANG_WARN_EMPTY_BODY = YES;
				CLANG_WARN_ENUM_CONVERSION = YES;
				CLANG_WARN_INFINITE_RECURSION = YES;
				CLANG_WARN_INT_CONVERSION = YES;
				CLANG_WARN_NON_LITERAL_NULL_CONVERSION = YES;
				CLANG_WARN_OBJC_IMPLICIT_RETAIN_SELF = YES;
				CLANG_WARN_OBJC_LITERAL_CONVERSION = YES;
				CLANG_WARN_OBJC_ROOT_CLASS = YES_ERROR;
				CLANG_WARN_QUOTED_INCLUDE_IN_FRAMEWORK_HEADER = YES;
				CLANG_WARN_RANGE_LOOP_ANALYSIS = YES;
				CLANG_WARN_STRICT_PROTOTYPES = YES;
				CLANG_WARN_SUSPICIOUS_MOVE = YES;
				CLANG_WARN_UNGUARDED_AVAILABILITY = YES_AGGRESSIVE;
				CLANG_WARN_UNREACHABLE_CODE = YES;
				CLANG_WARN__DUPLICATE_METHOD_MATCH = YES;
				COPY_PHASE_STRIP = NO;
				DEBUG_INFORMATION_FORMAT = dwarf;
				ENABLE_STRICT_OBJC_MSGSEND = YES;
				ENABLE_TESTABILITY = YES;
				GCC_C_LANGUAGE_STANDARD = gnu11;
				GCC_DYNAMIC_NO_PIC = NO;
				GCC_NO_COMMON_BLOCKS = YES;
				GCC_OPTIMIZATION_LEVEL = 0;
				GCC_PREPROCESSOR_DEFINITIONS = (
					"DEBUG=1",
					"$(inherited)",
				);
				GCC_WARN_64_TO_32_BIT_CONVERSION = YES;
				GCC_WARN_ABOUT_RETURN_TYPE = YES_ERROR;
				GCC_WARN_UNDECLARED_SELECTOR = YES;
				GCC_WARN_UNINITIALIZED_AUTOS = YES_AGGRESSIVE;
				GCC_WARN_UNUSED_FUNCTION = YES;
				GCC_WARN_UNUSED_VARIABLE = YES;
				IPHONEOS_DEPLOYMENT_TARGET = 14.0;
				MTL_ENABLE_DEBUG_INFO = INCLUDE_SOURCE;
				MTL_FAST_MATH = YES;
				ONLY_ACTIVE_ARCH = YES;
				SDKROOT = iphoneos;
				SWIFT_ACTIVE_COMPILATION_CONDITIONS = DEBUG;
				SWIFT_OPTIMIZATION_LEVEL = "-Onone";
			};
			name = Debug;
		};
		CD4704AE2AD80168009D4C35 /* Release */ = {
			isa = XCBuildConfiguration;
			buildSettings = {
				ALWAYS_SEARCH_USER_PATHS = NO;
				CLANG_ANALYZER_NONNULL = YES;
				CLANG_ANALYZER_NUMBER_OBJECT_CONVERSION = YES_AGGRESSIVE;
				CLANG_CXX_LANGUAGE_STANDARD = "gnu++20";
				CLANG_ENABLE_MODULES = YES;
				CLANG_ENABLE_OBJC_ARC = YES;
				CLANG_ENABLE_OBJC_WEAK = YES;
				CLANG_WARN_BLOCK_CAPTURE_AUTORELEASING = YES;
				CLANG_WARN_BOOL_CONVERSION = YES;
				CLANG_WARN_COMMA = YES;
				CLANG_WARN_CONSTANT_CONVERSION = YES;
				CLANG_WARN_DEPRECATED_OBJC_IMPLEMENTATIONS = YES;
				CLANG_WARN_DIRECT_OBJC_ISA_USAGE = YES_ERROR;
				CLANG_WARN_DOCUMENTATION_COMMENTS = YES;
				CLANG_WARN_EMPTY_BODY = YES;
				CLANG_WARN_ENUM_CONVERSION = YES;
				CLANG_WARN_INFINITE_RECURSION = YES;
				CLANG_WARN_INT_CONVERSION = YES;
				CLANG_WARN_NON_LITERAL_NULL_CONVERSION = YES;
				CLANG_WARN_OBJC_IMPLICIT_RETAIN_SELF = YES;
				CLANG_WARN_OBJC_LITERAL_CONVERSION = YES;
				CLANG_WARN_OBJC_ROOT_CLASS = YES_ERROR;
				CLANG_WARN_QUOTED_INCLUDE_IN_FRAMEWORK_HEADER = YES;
				CLANG_WARN_RANGE_LOOP_ANALYSIS = YES;
				CLANG_WARN_STRICT_PROTOTYPES = YES;
				CLANG_WARN_SUSPICIOUS_MOVE = YES;
				CLANG_WARN_UNGUARDED_AVAILABILITY = YES_AGGRESSIVE;
				CLANG_WARN_UNREACHABLE_CODE = YES;
				CLANG_WARN__DUPLICATE_METHOD_MATCH = YES;
				COPY_PHASE_STRIP = NO;
				DEBUG_INFORMATION_FORMAT = "dwarf-with-dsym";
				ENABLE_NS_ASSERTIONS = NO;
				ENABLE_STRICT_OBJC_MSGSEND = YES;
				GCC_C_LANGUAGE_STANDARD = gnu11;
				GCC_NO_COMMON_BLOCKS = YES;
				GCC_WARN_64_TO_32_BIT_CONVERSION = YES;
				GCC_WARN_ABOUT_RETURN_TYPE = YES_ERROR;
				GCC_WARN_UNDECLARED_SELECTOR = YES;
				GCC_WARN_UNINITIALIZED_AUTOS = YES_AGGRESSIVE;
				GCC_WARN_UNUSED_FUNCTION = YES;
				GCC_WARN_UNUSED_VARIABLE = YES;
				IPHONEOS_DEPLOYMENT_TARGET = 14.0;
				MTL_ENABLE_DEBUG_INFO = NO;
				MTL_FAST_MATH = YES;
				SDKROOT = iphoneos;
				SWIFT_COMPILATION_MODE = wholemodule;
				SWIFT_OPTIMIZATION_LEVEL = "-O";
				VALIDATE_PRODUCT = YES;
			};
			name = Release;
		};
		CD4704B02AD80168009D4C35 /* Debug */ = {
			isa = XCBuildConfiguration;
			buildSettings = {
				ASSETCATALOG_COMPILER_APPICON_NAME = AppIcon;
				ASSETCATALOG_COMPILER_GLOBAL_ACCENT_COLOR_NAME = AccentColor;
				CODE_SIGN_STYLE = Automatic;
				CURRENT_PROJECT_VERSION = 1;
				DEVELOPMENT_ASSET_PATHS = "\"CodiaDemoSwiftUI/Preview Content\"";
				ENABLE_PREVIEWS = YES;
				GENERATE_INFOPLIST_FILE = YES;
				INFOPLIST_FILE = CodiaDemoSwiftUI/Info.plist;
				INFOPLIST_KEY_UIApplicationSceneManifest_Generation = YES;
				INFOPLIST_KEY_UIApplicationSupportsIndirectInputEvents = YES;
				INFOPLIST_KEY_UILaunchScreen_Generation = YES;
				INFOPLIST_KEY_UIStatusBarHidden = YES;
				INFOPLIST_KEY_UISupportedInterfaceOrientations = UIInterfaceOrientationPortrait;
				IPHONEOS_DEPLOYMENT_TARGET = 14.0;
				LD_RUNPATH_SEARCH_PATHS = (
					"$(inherited)",
					"@executable_path/Frameworks",
				);
				MARKETING_VERSION = 1.0;
				PRODUCT_BUNDLE_IDENTIFIER = ai.codia.demo.swiftui;
				PRODUCT_NAME = "$(TARGET_NAME)";
				SUPPORTED_PLATFORMS = "iphoneos iphonesimulator";
				SUPPORTS_MACCATALYST = NO;
				SUPPORTS_MAC_DESIGNED_FOR_IPHONE_IPAD = NO;
				SWIFT_EMIT_LOC_STRINGS = YES;
				SWIFT_VERSION = 5.0;
				TARGETED_DEVICE_FAMILY = "1,2";
			};
			name = Debug;
		};
		CD4704B12AD80168009D4C35 /* Release */ = {
			isa = XCBuildConfiguration;
			buildSettings = {
				ASSETCATALOG_COMPILER_APPICON_NAME = AppIcon;
				ASSETCATALOG_COMPILER_GLOBAL_ACCENT_COLOR_NAME = AccentColor;
				CODE_SIGN_STYLE = Automatic;
				CURRENT_PROJECT_VERSION = 1;
				DEVELOPMENT_ASSET_PATHS = "\"CodiaDemoSwiftUI/Preview Content\"";
				ENABLE_PREVIEWS = YES;
				GENERATE_INFOPLIST_FILE = YES;
				INFOPLIST_FILE = CodiaDemoSwiftUI/Info.plist;
				INFOPLIST_KEY_UIApplicationSceneManifest_Generation = YES;
				INFOPLIST_KEY_UIApplicationSupportsIndirectInputEvents = YES;
				INFOPLIST_KEY_UILaunchScreen_Generation = YES;
				INFOPLIST_KEY_UIStatusBarHidden = YES;
				INFOPLIST_KEY_UISupportedInterfaceOrientations = UIInterfaceOrientationPortrait;
				IPHONEOS_DEPLOYMENT_TARGET = 14.0;
				LD_RUNPATH_SEARCH_PATHS = (
					"$(inherited)",
					"@executable_path/Frameworks",
				);
				MARKETING_VERSION = 1.0;
				PRODUCT_BUNDLE_IDENTIFIER = ai.codia.demo.swiftui;
				PRODUCT_NAME = "$(TARGET_NAME)";
				SUPPORTED_PLATFORMS = "iphoneos iphonesimulator";
				SUPPORTS_MACCATALYST = NO;
				SUPPORTS_MAC_DESIGNED_FOR_IPHONE_IPAD = NO;
				SWIFT_EMIT_LOC_STRINGS = YES;
				SWIFT_VERSION = 5.0;
				TARGETED_DEVICE_FAMILY = "1,2";
			};
			name = Release;
		};
/* End XCBuildConfiguration section */

/* Begin XCConfigurationList section */
		CD47049C2AD80167009D4C35 /* Build configuration list for PBXProject "CodiaDemoSwiftUI" */ = {
			isa = XCConfigurationList;
			buildConfigurations = (
				CD4704AD2AD80168009D4C35 /* Debug */,
				CD4704AE2AD80168009D4C35 /* Release */,
			);
			defaultConfigurationIsVisible = 0;
			defaultConfigurationName = Release;
		};
		CD4704AF2AD80168009D4C35 /* Build configuration list for PBXNativeTarget "CodiaDemoSwiftUI" */ = {
			isa = XCConfigurationList;
			buildConfigurations = (
				CD4704B02AD80168009D4C35 /* Debug */,
				CD4704B12AD80168009D4C35 /* Release */,
			);
			defaultConfigurationIsVisible = 0;
			defaultConfigurationName = Release;
		};
/* End XCConfigurationList section */
	};
	rootObject = CD4704992AD80167009D4C35 /* Project object */;
}
